
Microsoft Visual Studio Solution File, Format Version 12.00
# Visual Studio 14
VisualStudioVersion = 14.0.25420.1
MinimumVisualStudioVersion = 10.0.40219.1
Project("{FAE04EC0-301F-11D3-BF4B-00C04F79EFBC}") = "ShortenedUri", "ShortenedUri\ShortenedUri.csproj", "{FDFE9532-B96C-414D-9E84-FD5BBDBEF153}"
EndProject
Global
	GlobalSection(SolutionConfigurationPlatforms) = preSolution
		Debug|Any CPU = Debug|Any CPU
		Release|Any CPU = Release|Any CPU
	EndGlobalSection
	GlobalSection(ProjectConfigurationPlatforms) = postSolution
		{FDFE9532-B96C-414D-9E84-FD5BBDBEF153}.Debug|Any CPU.ActiveCfg = Debug|Any CPU
		{FDFE9532-B96C-414D-9E84-FD5BBDBEF153}.Debug|Any CPU.Build.0 = Debug|Any CPU
		{FDFE9532-B96C-414D-9E84-FD5BBDBEF153}.Release|Any CPU.ActiveCfg = Release|Any CPU
		{FDFE9532-B96C-414D-9E84-FD5BBDBEF153}.Release|Any CPU.Build.0 = Release|Any CPU
	EndGlobalSection
	GlobalSection(SolutionProperties) = preSolution
		HideSolutionNode = FALSE
	EndGlobalSection
EndGlobal
